// !$*UTF8*$!
{
	archiveVersion = 1;
	classes = {
	};
	objectVersion = 77;
	objects = {

/* Begin PBXBuildFile section */
		2E0615672DDE841400F73A30 /* RenameKit in Frameworks */ = {isa = PBXBuildFile; productRef = 2E0615662DDE841400F73A30 /* RenameKit */; };
/* End PBXBuildFile section */

/* Begin PBXContainerItemProxy section */
		2E0615492DDE823300F73A30 /* PBXContainerItemProxy */ = {
			isa = PBXContainerItemProxy;
			containerPortal = 2E0615302DDE823100F73A30 /* Project object */;
			proxyType = 1;
			remoteGlobalIDString = 2E0615372DDE823100F73A30;
			remoteInfo = RenameSwiftTest;
		};
		2E0615532DDE823300F73A30 /* PBXContainerItemProxy */ = {
			isa = PBXContainerItemProxy;
			containerPortal = 2E0615302DDE823100F73A30 /* Project object */;
			proxyType = 1;
			remoteGlobalIDString = 2E0615372DDE823100F73A30;
			remoteInfo = RenameSwiftTest;
		};
/* End PBXContainerItemProxy section */

/* Begin PBXFileReference section */
		2E0615382DDE823100F73A30 /* RenameSwiftTest.app */ = {isa = PBXFileReference; explicitFileType = wrapper.application; includeInIndex = 0; path = RenameSwiftTest.app; sourceTree = BUILT_PRODUCTS_DIR; };
		2E0615482DDE823300F73A30 /* RenameSwiftTestTests.xctest */ = {isa = PBXFileReference; explicitFileType = wrapper.cfbundle; includeInIndex = 0; path = RenameSwiftTestTests.xctest; sourceTree = BUILT_PRODUCTS_DIR; };
		2E0615522DDE823300F73A30 /* RenameSwiftTestUITests.xctest */ = {isa = PBXFileReference; explicitFileType = wrapper.cfbundle; includeInIndex = 0; path = RenameSwiftTestUITests.xctest; sourceTree = BUILT_PRODUCTS_DIR; };
/* End PBXFileReference section */

/* Begin PBXFileSystemSynchronizedRootGroup section */
		2E06153A2DDE823100F73A30 /* RenameSwiftTest */ = {
			isa = PBXFileSystemSynchronizedRootGroup;
			path = RenameSwiftTest;
			sourceTree = "<group>";
		};
		2E06154B2DDE823300F73A30 /* RenameSwiftTestTests */ = {
			isa = PBXFileSystemSynchronizedRootGroup;
			path = RenameSwiftTestTests;
			sourceTree = "<group>";
		};
		2E0615552DDE823300F73A30 /* RenameSwiftTestUITests */ = {
			isa = PBXFileSystemSynchronizedRootGroup;
			path = RenameSwiftTestUITests;
			sourceTree = "<group>";
		};
/* End PBXFileSystemSynchronizedRootGroup section */

/* Begin PBXFrameworksBuildPhase section */
		2E0615352DDE823100F73A30 /* Frameworks */ = {
			isa = PBXFrameworksBuildPhase;
			buildActionMask = 2147483647;
			files = (
				2E0615672DDE841400F73A30 /* RenameKit in Frameworks */,
			);
			runOnlyForDeploymentPostprocessing = 0;
		};
		2E0615452DDE823300F73A30 /* Frameworks */ = {
			isa = PBXFrameworksBuildPhase;
			buildActionMask = 2147483647;
			files = (
			);
			runOnlyForDeploymentPostprocessing = 0;
		};
		2E06154F2DDE823300F73A30 /* Frameworks */ = {
			isa = PBXFrameworksBuildPhase;
			buildActionMask = 2147483647;
			files = (
			);
			runOnlyForDeploymentPostprocessing = 0;
		};
/* End PBXFrameworksBuildPhase section */

/* Begin PBXGroup section */
		2E06152F2DDE823100F73A30 = {
			isa = PBXGroup;
			children = (
				2E06153A2DDE823100F73A30 /* RenameSwiftTest */,
				2E06154B2DDE823300F73A30 /* RenameSwiftTestTests */,
				2E0615552DDE823300F73A30 /* RenameSwiftTestUITests */,
				2E0615392DDE823100F73A30 /* Products */,
			);
			sourceTree = "<group>";
		};
		2E0615392DDE823100F73A30 /* Products */ = {
			isa = PBXGroup;
			children = (
				2E0615382DDE823100F73A30 /* RenameSwiftTest.app */,
				2E0615482DDE823300F73A30 /* RenameSwiftTestTests.xctest */,
				2E0615522DDE823300F73A30 /* RenameSwiftTestUITests.xctest */,
			);
			name = Products;
			sourceTree = "<group>";
		};
/* End PBXGroup section */

/* Begin PBXNativeTarget section */
		2E0615372DDE823100F73A30 /* RenameSwiftTest */ = {
			isa = PBXNativeTarget;
			buildConfigurationList = 2E06155C2DDE823300F73A30 /* Build configuration list for PBXNativeTarget "RenameSwiftTest" */;
			buildPhases = (
				2E0615342DDE823100F73A30 /* Sources */,
				2E0615352DDE823100F73A30 /* Frameworks */,
				2E0615362DDE823100F73A30 /* Resources */,
			);
			buildRules = (
			);
			dependencies = (
			);
			fileSystemSynchronizedGroups = (
				2E06153A2DDE823100F73A30 /* RenameSwiftTest */,
			);
			name = RenameSwiftTest;
			packageProductDependencies = (
				2E0615662DDE841400F73A30 /* RenameKit */,
			);
			productName = RenameSwiftTest;
			productReference = 2E0615382DDE823100F73A30 /* RenameSwiftTest.app */;
			productType = "com.apple.product-type.application";
		};
		2E0615472DDE823300F73A30 /* RenameSwiftTestTests */ = {
			isa = PBXNativeTarget;
			buildConfigurationList = 2E06155F2DDE823300F73A30 /* Build configuration list for PBXNativeTarget "RenameSwiftTestTests" */;
			buildPhases = (
				2E0615442DDE823300F73A30 /* Sources */,
				2E0615452DDE823300F73A30 /* Frameworks */,
				2E0615462DDE823300F73A30 /* Resources */,
			);
			buildRules = (
			);
			dependencies = (
				2E06154A2DDE823300F73A30 /* PBXTargetDependency */,
			);
			fileSystemSynchronizedGroups = (
				2E06154B2DDE823300F73A30 /* RenameSwiftTestTests */,
			);
			name = RenameSwiftTestTests;
			packageProductDependencies = (
			);
			productName = RenameSwiftTestTests;
			productReference = 2E0615482DDE823300F73A30 /* RenameSwiftTestTests.xctest */;
			productType = "com.apple.product-type.bundle.unit-test";
		};
		2E0615512DDE823300F73A30 /* RenameSwiftTestUITests */ = {
			isa = PBXNativeTarget;
			buildConfigurationList = 2E0615622DDE823300F73A30 /* Build configuration list for PBXNativeTarget "RenameSwiftTestUITests" */;
			buildPhases = (
				2E06154E2DDE823300F73A30 /* Sources */,
				2E06154F2DDE823300F73A30 /* Frameworks */,
				2E0615502DDE823300F73A30 /* Resources */,
			);
			buildRules = (
			);
			dependencies = (
				2E0615542DDE823300F73A30 /* PBXTargetDependency */,
			);
			fileSystemSynchronizedGroups = (
				2E0615552DDE823300F73A30 /* RenameSwiftTestUITests */,
			);
			name = RenameSwiftTestUITests;
			packageProductDependencies = (
			);
			productName = RenameSwiftTestUITests;
			productReference = 2E0615522DDE823300F73A30 /* RenameSwiftTestUITests.xctest */;
			productType = "com.apple.product-type.bundle.ui-testing";
		};
/* End PBXNativeTarget section */

/* Begin PBXProject section */
		2E0615302DDE823100F73A30 /* Project object */ = {
			isa = PBXProject;
			attributes = {
				BuildIndependentTargetsInParallel = 1;
				LastSwiftUpdateCheck = 1620;
				LastUpgradeCheck = 1620;
				TargetAttributes = {
					2E0615372DDE823100F73A30 = {
						CreatedOnToolsVersion = 16.2;
					};
					2E0615472DDE823300F73A30 = {
						CreatedOnToolsVersion = 16.2;
						TestTargetID = 2E0615372DDE823100F73A30;
					};
					2E0615512DDE823300F73A30 = {
						CreatedOnToolsVersion = 16.2;
						TestTargetID = 2E0615372DDE823100F73A30;
					};
				};
			};
			buildConfigurationList = 2E0615332DDE823100F73A30 /* Build configuration list for PBXProject "RenameSwiftTest" */;
			developmentRegion = en;
			hasScannedForEncodings = 0;
			knownRegions = (
				en,
				Base,
			);
			mainGroup = 2E06152F2DDE823100F73A30;
			minimizedProjectReferenceProxies = 1;
			packageReferences = (
				2E0615652DDE841400F73A30 /* XCRemoteSwiftPackageReference "rename-sdk" */,
			);
			preferredProjectObjectVersion = 77;
			productRefGroup = 2E0615392DDE823100F73A30 /* Products */;
			projectDirPath = "";
			projectRoot = "";
			targets = (
				2E0615372DDE823100F73A30 /* RenameSwiftTest */,
				2E0615472DDE823300F73A30 /* RenameSwiftTestTests */,
				2E0615512DDE823300F73A30 /* RenameSwiftTestUITests */,
			);
		};
/* End PBXProject section */

/* Begin PBXResourcesBuildPhase section */
		2E0615362DDE823100F73A30 /* Resources */ = {
			isa = PBXResourcesBuildPhase;
			buildActionMask = 2147483647;
			files = (
			);
			runOnlyForDeploymentPostprocessing = 0;
		};
		2E0615462DDE823300F73A30 /* Resources */ = {
			isa = PBXResourcesBuildPhase;
			buildActionMask = 2147483647;
			files = (
			);
			runOnlyForDeploymentPostprocessing = 0;
		};
		2E0615502DDE823300F73A30 /* Resources */ = {
			isa = PBXResourcesBuildPhase;
			buildActionMask = 2147483647;
			files = (
			);
			runOnlyForDeploymentPostprocessing = 0;
		};
/* End PBXResourcesBuildPhase section */

/* Begin PBXSourcesBuildPhase section */
		2E0615342DDE823100F73A30 /* Sources */ = {
			isa = PBXSourcesBuildPhase;
			buildActionMask = 2147483647;
			files = (
			);
			runOnlyForDeploymentPostprocessing = 0;
		};
		2E0615442DDE823300F73A30 /* Sources */ = {
			isa = PBXSourcesBuildPhase;
			buildActionMask = 2147483647;
			files = (
			);
			runOnlyForDeploymentPostprocessing = 0;
		};
		2E06154E2DDE823300F73A30 /* Sources */ = {
			isa = PBXSourcesBuildPhase;
			buildActionMask = 2147483647;
			files = (
			);
			runOnlyForDeploymentPostprocessing = 0;
		};
/* End PBXSourcesBuildPhase section */

/* Begin PBXTargetDependency section */
		2E06154A2DDE823300F73A30 /* PBXTargetDependency */ = {
			isa = PBXTargetDependency;
			target = 2E0615372DDE823100F73A30 /* RenameSwiftTest */;
			targetProxy = 2E0615492DDE823300F73A30 /* PBXContainerItemProxy */;
		};
		2E0615542DDE823300F73A30 /* PBXTargetDependency */ = {
			isa = PBXTargetDependency;
			target = 2E0615372DDE823100F73A30 /* RenameSwiftTest */;
			targetProxy = 2E0615532DDE823300F73A30 /* PBXContainerItemProxy */;
		};
/* End PBXTargetDependency section */

/* Begin XCBuildConfiguration section */
		2E06155A2DDE823300F73A30 /* Debug */ = {
			isa = XCBuildConfiguration;
			buildSettings = {
				ALWAYS_SEARCH_USER_PATHS = NO;
				ASSETCATALOG_COMPILER_GENERATE_SWIFT_ASSET_SYMBOL_EXTENSIONS = YES;
				CLANG_ANALYZER_NONNULL = YES;
				CLANG_ANALYZER_NUMBER_OBJECT_CONVERSION = YES_AGGRESSIVE;
				CLANG_CXX_LANGUAGE_STANDARD = "gnu++20";
				CLANG_ENABLE_MODULES = YES;
				CLANG_ENABLE_OBJC_ARC = YES;
				CLANG_ENABLE_OBJC_WEAK = YES;
				CLANG_WARN_BLOCK_CAPTURE_AUTORELEASING = YES;
				CLANG_WARN_BOOL_CONVERSION = YES;
				CLANG_WARN_COMMA = YES;
				CLANG_WARN_CONSTANT_CONVERSION = YES;
				CLANG_WARN_DEPRECATED_OBJC_IMPLEMENTATIONS = YES;
				CLANG_WARN_DIRECT_OBJC_ISA_USAGE = YES_ERROR;
				CLANG_WARN_DOCUMENTATION_COMMENTS = YES;
				CLANG_WARN_EMPTY_BODY = YES;
				CLANG_WARN_ENUM_CONVERSION = YES;
				CLANG_WARN_INFINITE_RECURSION = YES;
				CLANG_WARN_INT_CONVERSION = YES;
				CLANG_WARN_NON_LITERAL_NULL_CONVERSION = YES;
				CLANG_WARN_OBJC_IMPLICIT_RETAIN_SELF = YES;
				CLANG_WARN_OBJC_LITERAL_CONVERSION = YES;
				CLANG_WARN_OBJC_ROOT_CLASS = YES_ERROR;
				CLANG_WARN_QUOTED_INCLUDE_IN_FRAMEWORK_HEADER = YES;
				CLANG_WARN_RANGE_LOOP_ANALYSIS = YES;
				CLANG_WARN_STRICT_PROTOTYPES = YES;
				CLANG_WARN_SUSPICIOUS_MOVE = YES;
				CLANG_WARN_UNGUARDED_AVAILABILITY = YES_AGGRESSIVE;
				CLANG_WARN_UNREACHABLE_CODE = YES;
				CLANG_WARN__DUPLICATE_METHOD_MATCH = YES;
				COPY_PHASE_STRIP = NO;
				DEBUG_INFORMATION_FORMAT = dwarf;
				ENABLE_STRICT_OBJC_MSGSEND = YES;
				ENABLE_TESTABILITY = YES;
				ENABLE_USER_SCRIPT_SANDBOXING = YES;
				GCC_C_LANGUAGE_STANDARD = gnu17;
				GCC_DYNAMIC_NO_PIC = NO;
				GCC_NO_COMMON_BLOCKS = YES;
				GCC_OPTIMIZATION_LEVEL = 0;
				GCC_PREPROCESSOR_DEFINITIONS = (
					"DEBUG=1",
					"$(inherited)",
				);
				GCC_WARN_64_TO_32_BIT_CONVERSION = YES;
				GCC_WARN_ABOUT_RETURN_TYPE = YES_ERROR;
				GCC_WARN_UNDECLARED_SELECTOR = YES;
				GCC_WARN_UNINITIALIZED_AUTOS = YES_AGGRESSIVE;
				GCC_WARN_UNUSED_FUNCTION = YES;
				GCC_WARN_UNUSED_VARIABLE = YES;
				IPHONEOS_DEPLOYMENT_TARGET = 18.2;
				LOCALIZATION_PREFERS_STRING_CATALOGS = YES;
				MTL_ENABLE_DEBUG_INFO = INCLUDE_SOURCE;
				MTL_FAST_MATH = YES;
				ONLY_ACTIVE_ARCH = YES;
				SDKROOT = iphoneos;
				SWIFT_ACTIVE_COMPILATION_CONDITIONS = "DEBUG $(inherited)";
				SWIFT_OPTIMIZATION_LEVEL = "-Onone";
			};
			name = Debug;
		};
		2E06155B2DDE823300F73A30 /* Release */ = {
			isa = XCBuildConfiguration;
			buildSettings = {
				ALWAYS_SEARCH_USER_PATHS = NO;
				ASSETCATALOG_COMPILER_GENERATE_SWIFT_ASSET_SYMBOL_EXTENSIONS = YES;
				CLANG_ANALYZER_NONNULL = YES;
				CLANG_ANALYZER_NUMBER_OBJECT_CONVERSION = YES_AGGRESSIVE;
				CLANG_CXX_LANGUAGE_STANDARD = "gnu++20";
				CLANG_ENABLE_MODULES = YES;
				CLANG_ENABLE_OBJC_ARC = YES;
				CLANG_ENABLE_OBJC_WEAK = YES;
				CLANG_WARN_BLOCK_CAPTURE_AUTORELEASING = YES;
				CLANG_WARN_BOOL_CONVERSION = YES;
				CLANG_WARN_COMMA = YES;
				CLANG_WARN_CONSTANT_CONVERSION = YES;
				CLANG_WARN_DEPRECATED_OBJC_IMPLEMENTATIONS = YES;
				CLANG_WARN_DIRECT_OBJC_ISA_USAGE = YES_ERROR;
				CLANG_WARN_DOCUMENTATION_COMMENTS = YES;
				CLANG_WARN_EMPTY_BODY = YES;
				CLANG_WARN_ENUM_CONVERSION = YES;
				CLANG_WARN_INFINITE_RECURSION = YES;
				CLANG_WARN_INT_CONVERSION = YES;
				CLANG_WARN_NON_LITERAL_NULL_CONVERSION = YES;
				CLANG_WARN_OBJC_IMPLICIT_RETAIN_SELF = YES;
				CLANG_WARN_OBJC_LITERAL_CONVERSION = YES;
				CLANG_WARN_OBJC_ROOT_CLASS = YES_ERROR;
				CLANG_WARN_QUOTED_INCLUDE_IN_FRAMEWORK_HEADER = YES;
				CLANG_WARN_RANGE_LOOP_ANALYSIS = YES;
				CLANG_WARN_STRICT_PROTOTYPES = YES;
				CLANG_WARN_SUSPICIOUS_MOVE = YES;
				CLANG_WARN_UNGUARDED_AVAILABILITY = YES_AGGRESSIVE;
				CLANG_WARN_UNREACHABLE_CODE = YES;
				CLANG_WARN__DUPLICATE_METHOD_MATCH = YES;
				COPY_PHASE_STRIP = NO;
				DEBUG_INFORMATION_FORMAT = "dwarf-with-dsym";
				ENABLE_NS_ASSERTIONS = NO;
				ENABLE_STRICT_OBJC_MSGSEND = YES;
				ENABLE_USER_SCRIPT_SANDBOXING = YES;
				GCC_C_LANGUAGE_STANDARD = gnu17;
				GCC_NO_COMMON_BLOCKS = YES;
				GCC_WARN_64_TO_32_BIT_CONVERSION = YES;
				GCC_WARN_ABOUT_RETURN_TYPE = YES_ERROR;
				GCC_WARN_UNDECLARED_SELECTOR = YES;
				GCC_WARN_UNINITIALIZED_AUTOS = YES_AGGRESSIVE;
				GCC_WARN_UNUSED_FUNCTION = YES;
				GCC_WARN_UNUSED_VARIABLE = YES;
				IPHONEOS_DEPLOYMENT_TARGET = 18.2;
				LOCALIZATION_PREFERS_STRING_CATALOGS = YES;
				MTL_ENABLE_DEBUG_INFO = NO;
				MTL_FAST_MATH = YES;
				SDKROOT = iphoneos;
				SWIFT_COMPILATION_MODE = wholemodule;
				VALIDATE_PRODUCT = YES;
			};
			name = Release;
		};
		2E06155D2DDE823300F73A30 /* Debug */ = {
			isa = XCBuildConfiguration;
			buildSettings = {
				ASSETCATALOG_COMPILER_APPICON_NAME = AppIcon;
				ASSETCATALOG_COMPILER_GLOBAL_ACCENT_COLOR_NAME = AccentColor;
				CODE_SIGN_STYLE = Automatic;
				CURRENT_PROJECT_VERSION = 1;
				DEVELOPMENT_ASSET_PATHS = "\"RenameSwiftTest/Preview Content\"";
				ENABLE_PREVIEWS = YES;
				GENERATE_INFOPLIST_FILE = YES;
				INFOPLIST_KEY_UIApplicationSceneManifest_Generation = YES;
				INFOPLIST_KEY_UIApplicationSupportsIndirectInputEvents = YES;
				INFOPLIST_KEY_UILaunchScreen_Generation = YES;
				INFOPLIST_KEY_UISupportedInterfaceOrientations_iPad = "UIInterfaceOrientationPortrait UIInterfaceOrientationPortraitUpsideDown UIInterfaceOrientationLandscapeLeft UIInterfaceOrientationLandscapeRight";
				INFOPLIST_KEY_UISupportedInterfaceOrientations_iPhone = "UIInterfaceOrientationPortrait UIInterfaceOrientationLandscapeLeft UIInterfaceOrientationLandscapeRight";
				LD_RUNPATH_SEARCH_PATHS = (
					"$(inherited)",
					"@executable_path/Frameworks",
				);
				MARKETING_VERSION = 1.0;
				PRODUCT_BUNDLE_IDENTIFIER = com.statsig.RenameSwiftTest;
				PRODUCT_NAME = "$(TARGET_NAME)";
				SWIFT_EMIT_LOC_STRINGS = YES;
				SWIFT_VERSION = 5.0;
				TARGETED_DEVICE_FAMILY = "1,2";
			};
			name = Debug;
		};
		2E06155E2DDE823300F73A30 /* Release */ = {
			isa = XCBuildConfiguration;
			buildSettings = {
				ASSETCATALOG_COMPILER_APPICON_NAME = AppIcon;
				ASSETCATALOG_COMPILER_GLOBAL_ACCENT_COLOR_NAME = AccentColor;
				CODE_SIGN_STYLE = Automatic;
				CURRENT_PROJECT_VERSION = 1;
				DEVELOPMENT_ASSET_PATHS = "\"RenameSwiftTest/Preview Content\"";
				ENABLE_PREVIEWS = YES;
				GENERATE_INFOPLIST_FILE = YES;
				INFOPLIST_KEY_UIApplicationSceneManifest_Generation = YES;
				INFOPLIST_KEY_UIApplicationSupportsIndirectInputEvents = YES;
				INFOPLIST_KEY_UILaunchScreen_Generation = YES;
				INFOPLIST_KEY_UISupportedInterfaceOrientations_iPad = "UIInterfaceOrientationPortrait UIInterfaceOrientationPortraitUpsideDown UIInterfaceOrientationLandscapeLeft UIInterfaceOrientationLandscapeRight";
				INFOPLIST_KEY_UISupportedInterfaceOrientations_iPhone = "UIInterfaceOrientationPortrait UIInterfaceOrientationLandscapeLeft UIInterfaceOrientationLandscapeRight";
				LD_RUNPATH_SEARCH_PATHS = (
					"$(inherited)",
					"@executable_path/Frameworks",
				);
				MARKETING_VERSION = 1.0;
				PRODUCT_BUNDLE_IDENTIFIER = com.statsig.RenameSwiftTest;
				PRODUCT_NAME = "$(TARGET_NAME)";
				SWIFT_EMIT_LOC_STRINGS = YES;
				SWIFT_VERSION = 5.0;
				TARGETED_DEVICE_FAMILY = "1,2";
			};
			name = Release;
		};
		2E0615602DDE823300F73A30 /* Debug */ = {
			isa = XCBuildConfiguration;
			buildSettings = {
				BUNDLE_LOADER = "$(TEST_HOST)";
				CODE_SIGN_STYLE = Automatic;
				CURRENT_PROJECT_VERSION = 1;
				GENERATE_INFOPLIST_FILE = YES;
				IPHONEOS_DEPLOYMENT_TARGET = 18.2;
				MARKETING_VERSION = 1.0;
				PRODUCT_BUNDLE_IDENTIFIER = com.statsig.RenameSwiftTestTests;
				PRODUCT_NAME = "$(TARGET_NAME)";
				SWIFT_EMIT_LOC_STRINGS = NO;
				SWIFT_VERSION = 5.0;
				TARGETED_DEVICE_FAMILY = "1,2";
				TEST_HOST = "$(BUILT_PRODUCTS_DIR)/RenameSwiftTest.app/$(BUNDLE_EXECUTABLE_FOLDER_PATH)/RenameSwiftTest";
			};
			name = Debug;
		};
		2E0615612DDE823300F73A30 /* Release */ = {
			isa = XCBuildConfiguration;
			buildSettings = {
				BUNDLE_LOADER = "$(TEST_HOST)";
				CODE_SIGN_STYLE = Automatic;
				CURRENT_PROJECT_VERSION = 1;
				GENERATE_INFOPLIST_FILE = YES;
				IPHONEOS_DEPLOYMENT_TARGET = 18.2;
				MARKETING_VERSION = 1.0;
				PRODUCT_BUNDLE_IDENTIFIER = com.statsig.RenameSwiftTestTests;
				PRODUCT_NAME = "$(TARGET_NAME)";
				SWIFT_EMIT_LOC_STRINGS = NO;
				SWIFT_VERSION = 5.0;
				TARGETED_DEVICE_FAMILY = "1,2";
				TEST_HOST = "$(BUILT_PRODUCTS_DIR)/RenameSwiftTest.app/$(BUNDLE_EXECUTABLE_FOLDER_PATH)/RenameSwiftTest";
			};
			name = Release;
		};
		2E0615632DDE823300F73A30 /* Debug */ = {
			isa = XCBuildConfiguration;
			buildSettings = {
				CODE_SIGN_STYLE = Automatic;
				CURRENT_PROJECT_VERSION = 1;
				GENERATE_INFOPLIST_FILE = YES;
				MARKETING_VERSION = 1.0;
				PRODUCT_BUNDLE_IDENTIFIER = com.statsig.RenameSwiftTestUITests;
				PRODUCT_NAME = "$(TARGET_NAME)";
				SWIFT_EMIT_LOC_STRINGS = NO;
				SWIFT_VERSION = 5.0;
				TARGETED_DEVICE_FAMILY = "1,2";
				TEST_TARGET_NAME = RenameSwiftTest;
			};
			name = Debug;
		};
		2E0615642DDE823300F73A30 /* Release */ = {
			isa = XCBuildConfiguration;
			buildSettings = {
				CODE_SIGN_STYLE = Automatic;
				CURRENT_PROJECT_VERSION = 1;
				GENERATE_INFOPLIST_FILE = YES;
				MARKETING_VERSION = 1.0;
				PRODUCT_BUNDLE_IDENTIFIER = com.statsig.RenameSwiftTestUITests;
				PRODUCT_NAME = "$(TARGET_NAME)";
				SWIFT_EMIT_LOC_STRINGS = NO;
				SWIFT_VERSION = 5.0;
				TARGETED_DEVICE_FAMILY = "1,2";
				TEST_TARGET_NAME = RenameSwiftTest;
			};
			name = Release;
		};
/* End XCBuildConfiguration section */

/* Begin XCConfigurationList section */
		2E0615332DDE823100F73A30 /* Build configuration list for PBXProject "RenameSwiftTest" */ = {
			isa = XCConfigurationList;
			buildConfigurations = (
				2E06155A2DDE823300F73A30 /* Debug */,
				2E06155B2DDE823300F73A30 /* Release */,
			);
			defaultConfigurationIsVisible = 0;
			defaultConfigurationName = Release;
		};
		2E06155C2DDE823300F73A30 /* Build configuration list for PBXNativeTarget "RenameSwiftTest" */ = {
			isa = XCConfigurationList;
			buildConfigurations = (
				2E06155D2DDE823300F73A30 /* Debug */,
				2E06155E2DDE823300F73A30 /* Release */,
			);
			defaultConfigurationIsVisible = 0;
			defaultConfigurationName = Release;
		};
		2E06155F2DDE823300F73A30 /* Build configuration list for PBXNativeTarget "RenameSwiftTestTests" */ = {
			isa = XCConfigurationList;
			buildConfigurations = (
				2E0615602DDE823300F73A30 /* Debug */,
				2E0615612DDE823300F73A30 /* Release */,
			);
			defaultConfigurationIsVisible = 0;
			defaultConfigurationName = Release;
		};
		2E0615622DDE823300F73A30 /* Build configuration list for PBXNativeTarget "RenameSwiftTestUITests" */ = {
			isa = XCConfigurationList;
			buildConfigurations = (
				2E0615632DDE823300F73A30 /* Debug */,
				2E0615642DDE823300F73A30 /* Release */,
			);
			defaultConfigurationIsVisible = 0;
			defaultConfigurationName = Release;
		};
/* End XCConfigurationList section */

/* Begin XCRemoteSwiftPackageReference section */
		2E0615652DDE841400F73A30 /* XCRemoteSwiftPackageReference "rename-sdk" */ = {
			isa = XCRemoteSwiftPackageReference;
			repositoryURL = "https://github.com/andre-statsig/rename-sdk";
			requirement = {
				kind = upToNextMajorVersion;
				minimumVersion = 1.0.0;
			};
		};
/* End XCRemoteSwiftPackageReference section */

/* Begin XCSwiftPackageProductDependency section */
		2E0615662DDE841400F73A30 /* RenameKit */ = {
			isa = XCSwiftPackageProductDependency;
			package = 2E0615652DDE841400F73A30 /* XCRemoteSwiftPackageReference "rename-sdk" */;
			productName = RenameKit;
		};
/* End XCSwiftPackageProductDependency section */
	};
	rootObject = 2E0615302DDE823100F73A30 /* Project object */;
}
