{
  "originHash" : "afd26eda70e149796d84630bfbfe1b818d83d4b72527ea569502b0bf9bb4d14f",
  "pins" : [
    {
      "identity" : "rename-kit",
      "kind" : "remoteSourceControl",
      "location" : "https://github.com/andre-statsig/rename-kit",
      "state" : {
        "revision" : "399a50d47b66eee5723e7e2415e6be5368ec9eb3",
        "version" : "1.0.1"
      }
    }
  ],
  "version" : 3
}
